
Microsoft Visual Studio Solution File, Format Version 12.00
# Visual Studio Version 17
VisualStudioVersion = 17.7.34018.315
MinimumVisualStudioVersion = 10.0.40219.1
Project("{FAE04EC0-301F-11D3-BF4B-00C04F79EFBC}") = "SystemDiagnostics", "SystemDiagnostics.csproj", "{2492B665-21B6-4D7C-8D2C-E2CAEE98FE44}"
EndProject
Project("{54435603-DBB4-11D2-8724-00A0C9A8B90C}") = "System Diagnostics Installer", "..\System Diagnostics Installer\System Diagnostics Installer.vdproj", "{08FCEEE5-F18D-418F-BF75-B0EFB9065A78}"
EndProject
Global
	GlobalSection(SolutionConfigurationPlatforms) = preSolution
		Debug|Any CPU = Debug|Any CPU
		Release|Any CPU = Release|Any CPU
	EndGlobalSection
	GlobalSection(ProjectConfigurationPlatforms) = postSolution
		{2492B665-21B6-4D7C-8D2C-E2CAEE98FE44}.Debug|Any CPU.ActiveCfg = Release|Any CPU
		{2492B665-21B6-4D7C-8D2C-E2CAEE98FE44}.Debug|Any CPU.Build.0 = Release|Any CPU
		{2492B665-21B6-4D7C-8D2C-E2CAEE98FE44}.Release|Any CPU.ActiveCfg = Release|Any CPU
		{2492B665-21B6-4D7C-8D2C-E2CAEE98FE44}.Release|Any CPU.Build.0 = Release|Any CPU
		{08FCEEE5-F18D-418F-BF75-B0EFB9065A78}.Debug|Any CPU.ActiveCfg = Release
		{08FCEEE5-F18D-418F-BF75-B0EFB9065A78}.Debug|Any CPU.Build.0 = Release
		{08FCEEE5-F18D-418F-BF75-B0EFB9065A78}.Release|Any CPU.ActiveCfg = Release
	EndGlobalSection
	GlobalSection(SolutionProperties) = preSolution
		HideSolutionNode = FALSE
	EndGlobalSection
	GlobalSection(ExtensibilityGlobals) = postSolution
		SolutionGuid = {64598806-2110-4B13-84AF-6F493621FE4D}
	EndGlobalSection
EndGlobal
